PODS:
  - Flutter (1.0.0)
  - infoex (0.0.1):
    - Flutter
    - ZYRegex
  - integration_test (0.0.1):
    - Flutter
  - ZYRegex (1.4.0)

DEPENDENCIES:
  - Flutter (from `Flutter`)
  - infoex (from `.symlinks/plugins/infoex/ios`)
  - integration_test (from `.symlinks/plugins/integration_test/ios`)

SPEC REPOS:
  trunk:
    - ZYRegex

EXTERNAL SOURCES:
  Flutter:
    :path: Flutter
  infoex:
    :path: ".symlinks/plugins/infoex/ios"
  integration_test:
    :path: ".symlinks/plugins/integration_test/ios"

SPEC CHECKSUMS:
  Flutter: f04841e97a9d0b0a8025694d0796dd46242b2854
  infoex: 477d294823dd58ad805ff20b22a67ad2ebfa3337
  integration_test: a1e7d09bd98eca2fc37aefd79d4f41ad37bdbbe5
  ZYRegex: 1a2438511e9eecfa15d4b889a84336c603d7e1e1

PODFILE CHECKSUM: b31e889eae446fcb3dccde3723e3bfba41fbf33d

COCOAPODS: 1.11.3
